// !$*UTF8*$!
{
	archiveVersion = 1;
	classes = {
	};
	objectVersion = 46;
	objects = {

/* Begin PBXBuildFile section */
		1C0863E3172D244A0082194E /* KASlideShow.m in Sources */ = {isa = PBXBuildFile; fileRef = 1C0863E2172D244A0082194E /* KASlideShow.m */; };
		1C94F7F6172C241A00F72176 /* UIKit.framework in Frameworks */ = {isa = PBXBuildFile; fileRef = 1C94F7F5172C241A00F72176 /* UIKit.framework */; };
		1C94F7F8172C241A00F72176 /* Foundation.framework in Frameworks */ = {isa = PBXBuildFile; fileRef = 1C94F7F7172C241A00F72176 /* Foundation.framework */; };
		1C94F7FA172C241A00F72176 /* CoreGraphics.framework in Frameworks */ = {isa = PBXBuildFile; fileRef = 1C94F7F9172C241A00F72176 /* CoreGraphics.framework */; };
		1C94F800172C241A00F72176 /* InfoPlist.strings in Resources */ = {isa = PBXBuildFile; fileRef = 1C94F7FE172C241A00F72176 /* InfoPlist.strings */; };
		1C94F802172C241A00F72176 /* main.m in Sources */ = {isa = PBXBuildFile; fileRef = 1C94F801172C241A00F72176 /* main.m */; };
		1C94F806172C241A00F72176 /* expocommAppDelegate.m in Sources */ = {isa = PBXBuildFile; fileRef = 1C94F805172C241A00F72176 /* expocommAppDelegate.m */; };
		1C94F80F172C241A00F72176 /* MainStoryboard.storyboard in Resources */ = {isa = PBXBuildFile; fileRef = 1C94F80D172C241A00F72176 /* MainStoryboard.storyboard */; };
		1C94F812172C241A00F72176 /* DescriptionViewController.m in Sources */ = {isa = PBXBuildFile; fileRef = 1C94F811172C241A00F72176 /* DescriptionViewController.m */; };
		1C94F819172C241A00F72176 /* SolutionsViewController.m in Sources */ = {isa = PBXBuildFile; fileRef = 1C94F818172C241A00F72176 /* SolutionsViewController.m */; };
		1C94F825172C296500F72176 /* SchemaViewController.m in Sources */ = {isa = PBXBuildFile; fileRef = 1C94F824172C296500F72176 /* SchemaViewController.m */; };
		1C94F82D172C62A800F72176 /* Default.png in Resources */ = {isa = PBXBuildFile; fileRef = 1C94F82C172C62A800F72176 /* Default.png */; };
		1C94F82F172C62B400F72176 /* Default@2x.png in Resources */ = {isa = PBXBuildFile; fileRef = 1C94F82E172C62B400F72176 /* Default@2x.png */; };
		1C94F831172C62BE00F72176 /* Default-568h@2x.png in Resources */ = {isa = PBXBuildFile; fileRef = 1C94F830172C62BE00F72176 /* Default-568h@2x.png */; };
		1CB3590A172D2E4D00394B6E /* navbar.png in Resources */ = {isa = PBXBuildFile; fileRef = 1CB35908172D2E4D00394B6E /* navbar.png */; };
		1CB3590B172D2E4D00394B6E /* navbar@2x.png in Resources */ = {isa = PBXBuildFile; fileRef = 1CB35909172D2E4D00394B6E /* navbar@2x.png */; };
		1CB35912172D42D100394B6E /* Account card.png in Resources */ = {isa = PBXBuildFile; fileRef = 1CB35911172D42D100394B6E /* Account card.png */; };
		1CB35948172D479F00394B6E /* solutions_01.png in Resources */ = {isa = PBXBuildFile; fileRef = 1CB35947172D479F00394B6E /* solutions_01.png */; };
		1CB35957172D47AB00394B6E /* solutions_02.png in Resources */ = {isa = PBXBuildFile; fileRef = 1CB35949172D47A800394B6E /* solutions_02.png */; };
		1CB35958172D47AB00394B6E /* solutions_03.png in Resources */ = {isa = PBXBuildFile; fileRef = 1CB3594A172D47A800394B6E /* solutions_03.png */; };
		1CB35959172D47AB00394B6E /* solutions_04.png in Resources */ = {isa = PBXBuildFile; fileRef = 1CB3594B172D47A800394B6E /* solutions_04.png */; };
		1CB3595A172D47AB00394B6E /* solutions_05.png in Resources */ = {isa = PBXBuildFile; fileRef = 1CB3594C172D47A800394B6E /* solutions_05.png */; };
		1CB3595B172D47AB00394B6E /* solutions_06.png in Resources */ = {isa = PBXBuildFile; fileRef = 1CB3594D172D47A900394B6E /* solutions_06.png */; };
		1CB3595C172D47AB00394B6E /* solutions_07.png in Resources */ = {isa = PBXBuildFile; fileRef = 1CB3594E172D47A900394B6E /* solutions_07.png */; };
		1CB3595D172D47AB00394B6E /* solutions_08.png in Resources */ = {isa = PBXBuildFile; fileRef = 1CB3594F172D47A900394B6E /* solutions_08.png */; };
		1CB3595E172D47AB00394B6E /* solutions_09.png in Resources */ = {isa = PBXBuildFile; fileRef = 1CB35950172D47A900394B6E /* solutions_09.png */; };
		1CB3595F172D47AB00394B6E /* solutions_10.png in Resources */ = {isa = PBXBuildFile; fileRef = 1CB35951172D47AA00394B6E /* solutions_10.png */; };
		1CB35960172D47AB00394B6E /* solutions_11.png in Resources */ = {isa = PBXBuildFile; fileRef = 1CB35952172D47AA00394B6E /* solutions_11.png */; };
		1CB35961172D47AB00394B6E /* solutions_12.png in Resources */ = {isa = PBXBuildFile; fileRef = 1CB35953172D47AA00394B6E /* solutions_12.png */; };
		1CB35962172D47AB00394B6E /* solutions_13.png in Resources */ = {isa = PBXBuildFile; fileRef = 1CB35954172D47AA00394B6E /* solutions_13.png */; };
		1CB35963172D47AB00394B6E /* solutions_14.png in Resources */ = {isa = PBXBuildFile; fileRef = 1CB35955172D47AA00394B6E /* solutions_14.png */; };
		1CB35964172D47AB00394B6E /* solutions_15.png in Resources */ = {isa = PBXBuildFile; fileRef = 1CB35956172D47AA00394B6E /* solutions_15.png */; };
		1CB3596C172D4E1500394B6E /* info.png in Resources */ = {isa = PBXBuildFile; fileRef = 1CB35966172D4E1400394B6E /* info.png */; };
		1CB3596D172D4E1500394B6E /* info@2x.png in Resources */ = {isa = PBXBuildFile; fileRef = 1CB35967172D4E1400394B6E /* info@2x.png */; };
		1CB3596E172D4E1500394B6E /* map.png in Resources */ = {isa = PBXBuildFile; fileRef = 1CB35968172D4E1400394B6E /* map.png */; };
		1CB3596F172D4E1500394B6E /* map@2x.png in Resources */ = {isa = PBXBuildFile; fileRef = 1CB35969172D4E1400394B6E /* map@2x.png */; };
		1CB35970172D4E1500394B6E /* solutions.png in Resources */ = {isa = PBXBuildFile; fileRef = 1CB3596A172D4E1500394B6E /* solutions.png */; };
		1CB35971172D4E1500394B6E /* solutions@2x.png in Resources */ = {isa = PBXBuildFile; fileRef = 1CB3596B172D4E1500394B6E /* solutions@2x.png */; };
		1CFD86F1172CF70C00B6406D /* slideshow_02.png in Resources */ = {isa = PBXBuildFile; fileRef = 1CFD86ED172CF70C00B6406D /* slideshow_02.png */; };
		1CFD86F2172CF70C00B6406D /* slideshow_03.png in Resources */ = {isa = PBXBuildFile; fileRef = 1CFD86EE172CF70C00B6406D /* slideshow_03.png */; };
		1CFD86F3172CF70C00B6406D /* slideshow_04.png in Resources */ = {isa = PBXBuildFile; fileRef = 1CFD86EF172CF70C00B6406D /* slideshow_04.png */; };
		1CFD86F4172CF70C00B6406D /* slideshow_05.png in Resources */ = {isa = PBXBuildFile; fileRef = 1CFD86F0172CF70C00B6406D /* slideshow_05.png */; };
		1CFD86F6172CF75100B6406D /* slideshow_01.png in Resources */ = {isa = PBXBuildFile; fileRef = 1CFD86F5172CF75100B6406D /* slideshow_01.png */; };
		1CFD86F9172D105E00B6406D /* Description.m in Sources */ = {isa = PBXBuildFile; fileRef = 1CFD86F8172D105E00B6406D /* Description.m */; };
/* End PBXBuildFile section */

/* Begin PBXFileReference section */
		1C0863E1172D244A0082194E /* KASlideShow.h */ = {isa = PBXFileReference; fileEncoding = 4; lastKnownFileType = sourcecode.c.h; path = KASlideShow.h; sourceTree = "<group>"; };
		1C0863E2172D244A0082194E /* KASlideShow.m */ = {isa = PBXFileReference; fileEncoding = 4; lastKnownFileType = sourcecode.c.objc; path = KASlideShow.m; sourceTree = "<group>"; };
		1C94F7F2172C241A00F72176 /* expocommx.app */ = {isa = PBXFileReference; explicitFileType = wrapper.application; includeInIndex = 0; path = expocommx.app; sourceTree = BUILT_PRODUCTS_DIR; };
		1C94F7F5172C241A00F72176 /* UIKit.framework */ = {isa = PBXFileReference; lastKnownFileType = wrapper.framework; name = UIKit.framework; path = System/Library/Frameworks/UIKit.framework; sourceTree = SDKROOT; };
		1C94F7F7172C241A00F72176 /* Foundation.framework */ = {isa = PBXFileReference; lastKnownFileType = wrapper.framework; name = Foundation.framework; path = System/Library/Frameworks/Foundation.framework; sourceTree = SDKROOT; };
		1C94F7F9172C241A00F72176 /* CoreGraphics.framework */ = {isa = PBXFileReference; lastKnownFileType = wrapper.framework; name = CoreGraphics.framework; path = System/Library/Frameworks/CoreGraphics.framework; sourceTree = SDKROOT; };
		1C94F7FD172C241A00F72176 /* expocommx-Info.plist */ = {isa = PBXFileReference; lastKnownFileType = text.plist.xml; path = "expocommx-Info.plist"; sourceTree = "<group>"; };
		1C94F7FF172C241A00F72176 /* en */ = {isa = PBXFileReference; lastKnownFileType = text.plist.strings; name = en; path = en.lproj/InfoPlist.strings; sourceTree = "<group>"; };
		1C94F801172C241A00F72176 /* main.m */ = {isa = PBXFileReference; lastKnownFileType = sourcecode.c.objc; path = main.m; sourceTree = "<group>"; };
		1C94F803172C241A00F72176 /* expocommx-Prefix.pch */ = {isa = PBXFileReference; lastKnownFileType = sourcecode.c.h; path = "expocommx-Prefix.pch"; sourceTree = "<group>"; };
		1C94F804172C241A00F72176 /* expocommAppDelegate.h */ = {isa = PBXFileReference; lastKnownFileType = sourcecode.c.h; path = expocommAppDelegate.h; sourceTree = "<group>"; };
		1C94F805172C241A00F72176 /* expocommAppDelegate.m */ = {isa = PBXFileReference; lastKnownFileType = sourcecode.c.objc; path = expocommAppDelegate.m; sourceTree = "<group>"; };
		1C94F80E172C241A00F72176 /* en */ = {isa = PBXFileReference; lastKnownFileType = file.storyboard; name = en; path = en.lproj/MainStoryboard.storyboard; sourceTree = "<group>"; };
		1C94F810172C241A00F72176 /* DescriptionViewController.h */ = {isa = PBXFileReference; lastKnownFileType = sourcecode.c.h; path = DescriptionViewController.h; sourceTree = "<group>"; };
		1C94F811172C241A00F72176 /* DescriptionViewController.m */ = {isa = PBXFileReference; lastKnownFileType = sourcecode.c.objc; path = DescriptionViewController.m; sourceTree = "<group>"; };
		1C94F817172C241A00F72176 /* SolutionsViewController.h */ = {isa = PBXFileReference; lastKnownFileType = sourcecode.c.h; path = SolutionsViewController.h; sourceTree = "<group>"; };
		1C94F818172C241A00F72176 /* SolutionsViewController.m */ = {isa = PBXFileReference; lastKnownFileType = sourcecode.c.objc; path = SolutionsViewController.m; sourceTree = "<group>"; };
		1C94F823172C296500F72176 /* SchemaViewController.h */ = {isa = PBXFileReference; fileEncoding = 4; lastKnownFileType = sourcecode.c.h; path = SchemaViewController.h; sourceTree = "<group>"; };
		1C94F824172C296500F72176 /* SchemaViewController.m */ = {isa = PBXFileReference; fileEncoding = 4; lastKnownFileType = sourcecode.c.objc; path = SchemaViewController.m; sourceTree = "<group>"; };
		1C94F82C172C62A800F72176 /* Default.png */ = {isa = PBXFileReference; lastKnownFileType = image.png; name = Default.png; path = ../Default.png; sourceTree = "<group>"; };
		1C94F82E172C62B400F72176 /* Default@2x.png */ = {isa = PBXFileReference; lastKnownFileType = image.png; name = "Default@2x.png"; path = "../Default@2x.png"; sourceTree = "<group>"; };
		1C94F830172C62BE00F72176 /* Default-568h@2x.png */ = {isa = PBXFileReference; lastKnownFileType = image.png; name = "Default-568h@2x.png"; path = "../Default-568h@2x.png"; sourceTree = "<group>"; };
		1CB35908172D2E4D00394B6E /* navbar.png */ = {isa = PBXFileReference; lastKnownFileType = image.png; path = navbar.png; sourceTree = "<group>"; };
		1CB35909172D2E4D00394B6E /* navbar@2x.png */ = {isa = PBXFileReference; lastKnownFileType = image.png; path = "navbar@2x.png"; sourceTree = "<group>"; };
		1CB35911172D42D100394B6E /* Account card.png */ = {isa = PBXFileReference; lastKnownFileType = image.png; path = "Account card.png"; sourceTree = "<group>"; };
		1CB35947172D479F00394B6E /* solutions_01.png */ = {isa = PBXFileReference; lastKnownFileType = image.png; path = solutions_01.png; sourceTree = "<group>"; };
		1CB35949172D47A800394B6E /* solutions_02.png */ = {isa = PBXFileReference; lastKnownFileType = image.png; path = solutions_02.png; sourceTree = "<group>"; };
		1CB3594A172D47A800394B6E /* solutions_03.png */ = {isa = PBXFileReference; lastKnownFileType = image.png; path = solutions_03.png; sourceTree = "<group>"; };
		1CB3594B172D47A800394B6E /* solutions_04.png */ = {isa = PBXFileReference; lastKnownFileType = image.png; path = solutions_04.png; sourceTree = "<group>"; };
		1CB3594C172D47A800394B6E /* solutions_05.png */ = {isa = PBXFileReference; lastKnownFileType = image.png; path = solutions_05.png; sourceTree = "<group>"; };
		1CB3594D172D47A900394B6E /* solutions_06.png */ = {isa = PBXFileReference; lastKnownFileType = image.png; path = solutions_06.png; sourceTree = "<group>"; };
		1CB3594E172D47A900394B6E /* solutions_07.png */ = {isa = PBXFileReference; lastKnownFileType = image.png; path = solutions_07.png; sourceTree = "<group>"; };
		1CB3594F172D47A900394B6E /* solutions_08.png */ = {isa = PBXFileReference; lastKnownFileType = image.png; path = solutions_08.png; sourceTree = "<group>"; };
		1CB35950172D47A900394B6E /* solutions_09.png */ = {isa = PBXFileReference; lastKnownFileType = image.png; path = solutions_09.png; sourceTree = "<group>"; };
		1CB35951172D47AA00394B6E /* solutions_10.png */ = {isa = PBXFileReference; lastKnownFileType = image.png; path = solutions_10.png; sourceTree = "<group>"; };
		1CB35952172D47AA00394B6E /* solutions_11.png */ = {isa = PBXFileReference; lastKnownFileType = image.png; path = solutions_11.png; sourceTree = "<group>"; };
		1CB35953172D47AA00394B6E /* solutions_12.png */ = {isa = PBXFileReference; lastKnownFileType = image.png; path = solutions_12.png; sourceTree = "<group>"; };
		1CB35954172D47AA00394B6E /* solutions_13.png */ = {isa = PBXFileReference; lastKnownFileType = image.png; path = solutions_13.png; sourceTree = "<group>"; };
		1CB35955172D47AA00394B6E /* solutions_14.png */ = {isa = PBXFileReference; lastKnownFileType = image.png; path = solutions_14.png; sourceTree = "<group>"; };
		1CB35956172D47AA00394B6E /* solutions_15.png */ = {isa = PBXFileReference; lastKnownFileType = image.png; path = solutions_15.png; sourceTree = "<group>"; };
		1CB35966172D4E1400394B6E /* info.png */ = {isa = PBXFileReference; lastKnownFileType = image.png; path = info.png; sourceTree = "<group>"; };
		1CB35967172D4E1400394B6E /* info@2x.png */ = {isa = PBXFileReference; lastKnownFileType = image.png; path = "info@2x.png"; sourceTree = "<group>"; };
		1CB35968172D4E1400394B6E /* map.png */ = {isa = PBXFileReference; lastKnownFileType = image.png; path = map.png; sourceTree = "<group>"; };
		1CB35969172D4E1400394B6E /* map@2x.png */ = {isa = PBXFileReference; lastKnownFileType = image.png; path = "map@2x.png"; sourceTree = "<group>"; };
		1CB3596A172D4E1500394B6E /* solutions.png */ = {isa = PBXFileReference; lastKnownFileType = image.png; path = solutions.png; sourceTree = "<group>"; };
		1CB3596B172D4E1500394B6E /* solutions@2x.png */ = {isa = PBXFileReference; lastKnownFileType = image.png; path = "solutions@2x.png"; sourceTree = "<group>"; };
		1CFD86ED172CF70C00B6406D /* slideshow_02.png */ = {isa = PBXFileReference; lastKnownFileType = image.png; path = slideshow_02.png; sourceTree = "<group>"; };
		1CFD86EE172CF70C00B6406D /* slideshow_03.png */ = {isa = PBXFileReference; lastKnownFileType = image.png; path = slideshow_03.png; sourceTree = "<group>"; };
		1CFD86EF172CF70C00B6406D /* slideshow_04.png */ = {isa = PBXFileReference; lastKnownFileType = image.png; path = slideshow_04.png; sourceTree = "<group>"; };
		1CFD86F0172CF70C00B6406D /* slideshow_05.png */ = {isa = PBXFileReference; lastKnownFileType = image.png; path = slideshow_05.png; sourceTree = "<group>"; };
		1CFD86F5172CF75100B6406D /* slideshow_01.png */ = {isa = PBXFileReference; lastKnownFileType = image.png; path = slideshow_01.png; sourceTree = "<group>"; };
		1CFD86F7172D105E00B6406D /* Description.h */ = {isa = PBXFileReference; fileEncoding = 4; lastKnownFileType = sourcecode.c.h; path = Description.h; sourceTree = "<group>"; };
		1CFD86F8172D105E00B6406D /* Description.m */ = {isa = PBXFileReference; fileEncoding = 4; lastKnownFileType = sourcecode.c.objc; path = Description.m; sourceTree = "<group>"; };
/* End PBXFileReference section */

/* Begin PBXFrameworksBuildPhase section */
		1C94F7EF172C241A00F72176 /* Frameworks */ = {
			isa = PBXFrameworksBuildPhase;
			buildActionMask = 2147483647;
			files = (
				1C94F7F6172C241A00F72176 /* UIKit.framework in Frameworks */,
				1C94F7F8172C241A00F72176 /* Foundation.framework in Frameworks */,
				1C94F7FA172C241A00F72176 /* CoreGraphics.framework in Frameworks */,
			);
			runOnlyForDeploymentPostprocessing = 0;
		};
/* End PBXFrameworksBuildPhase section */

/* Begin PBXGroup section */
		1C94F7E9172C241A00F72176 = {
			isa = PBXGroup;
			children = (
				1C94F7FB172C241A00F72176 /* expocommx */,
				1C94F7F4172C241A00F72176 /* Frameworks */,
				1C94F7F3172C241A00F72176 /* Products */,
			);
			sourceTree = "<group>";
		};
		1C94F7F3172C241A00F72176 /* Products */ = {
			isa = PBXGroup;
			children = (
				1C94F7F2172C241A00F72176 /* expocommx.app */,
			);
			name = Products;
			sourceTree = "<group>";
		};
		1C94F7F4172C241A00F72176 /* Frameworks */ = {
			isa = PBXGroup;
			children = (
				1C94F7F5172C241A00F72176 /* UIKit.framework */,
				1C94F7F7172C241A00F72176 /* Foundation.framework */,
				1C94F7F9172C241A00F72176 /* CoreGraphics.framework */,
			);
			name = Frameworks;
			sourceTree = "<group>";
		};
		1C94F7FB172C241A00F72176 /* expocommx */ = {
			isa = PBXGroup;
			children = (
				1CB3590C172D2EB500394B6E /* Slideshow */,
				1C94F804172C241A00F72176 /* expocommAppDelegate.h */,
				1C94F805172C241A00F72176 /* expocommAppDelegate.m */,
				1C94F80D172C241A00F72176 /* MainStoryboard.storyboard */,
				1C0863E1172D244A0082194E /* KASlideShow.h */,
				1C0863E2172D244A0082194E /* KASlideShow.m */,
				1CB35908172D2E4D00394B6E /* navbar.png */,
				1CB35966172D4E1400394B6E /* info.png */,
				1CB35967172D4E1400394B6E /* info@2x.png */,
				1CB35968172D4E1400394B6E /* map.png */,
				1CB35969172D4E1400394B6E /* map@2x.png */,
				1CB3596A172D4E1500394B6E /* solutions.png */,
				1CB3596B172D4E1500394B6E /* solutions@2x.png */,
				1CB35909172D2E4D00394B6E /* navbar@2x.png */,
				1CB35965172D47BA00394B6E /* Solutions */,
				1CB35911172D42D100394B6E /* Account card.png */,
				1C94F810172C241A00F72176 /* DescriptionViewController.h */,
				1C94F811172C241A00F72176 /* DescriptionViewController.m */,
				1C94F817172C241A00F72176 /* SolutionsViewController.h */,
				1C94F823172C296500F72176 /* SchemaViewController.h */,
				1C94F824172C296500F72176 /* SchemaViewController.m */,
				1C94F818172C241A00F72176 /* SolutionsViewController.m */,
				1CFD86F7172D105E00B6406D /* Description.h */,
				1CFD86F8172D105E00B6406D /* Description.m */,
				1C94F7FC172C241A00F72176 /* Supporting Files */,
			);
			path = expocommx;
			sourceTree = "<group>";
		};
		1C94F7FC172C241A00F72176 /* Supporting Files */ = {
			isa = PBXGroup;
			children = (
				1C94F7FD172C241A00F72176 /* expocommx-Info.plist */,
				1C94F7FE172C241A00F72176 /* InfoPlist.strings */,
				1C94F801172C241A00F72176 /* main.m */,
				1C94F830172C62BE00F72176 /* Default-568h@2x.png */,
				1C94F82E172C62B400F72176 /* Default@2x.png */,
				1C94F82C172C62A800F72176 /* Default.png */,
				1C94F803172C241A00F72176 /* expocommx-Prefix.pch */,
			);
			name = "Supporting Files";
			sourceTree = "<group>";
		};
		1CB3590C172D2EB500394B6E /* Slideshow */ = {
			isa = PBXGroup;
			children = (
				1CFD86ED172CF70C00B6406D /* slideshow_02.png */,
				1CFD86EE172CF70C00B6406D /* slideshow_03.png */,
				1CFD86EF172CF70C00B6406D /* slideshow_04.png */,
				1CFD86F0172CF70C00B6406D /* slideshow_05.png */,
				1CFD86F5172CF75100B6406D /* slideshow_01.png */,
			);
			name = Slideshow;
			sourceTree = "<group>";
		};
		1CB35965172D47BA00394B6E /* Solutions */ = {
			isa = PBXGroup;
			children = (
				1CB35947172D479F00394B6E /* solutions_01.png */,
				1CB35949172D47A800394B6E /* solutions_02.png */,
				1CB3594A172D47A800394B6E /* solutions_03.png */,
				1CB3594B172D47A800394B6E /* solutions_04.png */,
				1CB3594C172D47A800394B6E /* solutions_05.png */,
				1CB3594D172D47A900394B6E /* solutions_06.png */,
				1CB3594E172D47A900394B6E /* solutions_07.png */,
				1CB3594F172D47A900394B6E /* solutions_08.png */,
				1CB35950172D47A900394B6E /* solutions_09.png */,
				1CB35951172D47AA00394B6E /* solutions_10.png */,
				1CB35952172D47AA00394B6E /* solutions_11.png */,
				1CB35953172D47AA00394B6E /* solutions_12.png */,
				1CB35954172D47AA00394B6E /* solutions_13.png */,
				1CB35955172D47AA00394B6E /* solutions_14.png */,
				1CB35956172D47AA00394B6E /* solutions_15.png */,
			);
			name = Solutions;
			sourceTree = "<group>";
		};
/* End PBXGroup section */

/* Begin PBXNativeTarget section */
		1C94F7F1172C241A00F72176 /* expocommx */ = {
			isa = PBXNativeTarget;
			buildConfigurationList = 1C94F820172C241A00F72176 /* Build configuration list for PBXNativeTarget "expocommx" */;
			buildPhases = (
				1C94F7EE172C241A00F72176 /* Sources */,
				1C94F7EF172C241A00F72176 /* Frameworks */,
				1C94F7F0172C241A00F72176 /* Resources */,
			);
			buildRules = (
			);
			dependencies = (
			);
			name = expocommx;
			productName = expocommx;
			productReference = 1C94F7F2172C241A00F72176 /* expocommx.app */;
			productType = "com.apple.product-type.application";
		};
/* End PBXNativeTarget section */

/* Begin PBXProject section */
		1C94F7EA172C241A00F72176 /* Project object */ = {
			isa = PBXProject;
			attributes = {
				CLASSPREFIX = expocomm;
				LastUpgradeCheck = 0460;
				ORGANIZATIONNAME = "Victor Ivanov";
			};
			buildConfigurationList = 1C94F7ED172C241A00F72176 /* Build configuration list for PBXProject "expocommx" */;
			compatibilityVersion = "Xcode 3.2";
			developmentRegion = English;
			hasScannedForEncodings = 0;
			knownRegions = (
				en,
			);
			mainGroup = 1C94F7E9172C241A00F72176;
			productRefGroup = 1C94F7F3172C241A00F72176 /* Products */;
			projectDirPath = "";
			projectRoot = "";
			targets = (
				1C94F7F1172C241A00F72176 /* expocommx */,
			);
		};
/* End PBXProject section */

/* Begin PBXResourcesBuildPhase section */
		1C94F7F0172C241A00F72176 /* Resources */ = {
			isa = PBXResourcesBuildPhase;
			buildActionMask = 2147483647;
			files = (
				1C94F800172C241A00F72176 /* InfoPlist.strings in Resources */,
				1C94F80F172C241A00F72176 /* MainStoryboard.storyboard in Resources */,
				1C94F82D172C62A800F72176 /* Default.png in Resources */,
				1C94F82F172C62B400F72176 /* Default@2x.png in Resources */,
				1C94F831172C62BE00F72176 /* Default-568h@2x.png in Resources */,
				1CFD86F1172CF70C00B6406D /* slideshow_02.png in Resources */,
				1CFD86F2172CF70C00B6406D /* slideshow_03.png in Resources */,
				1CFD86F3172CF70C00B6406D /* slideshow_04.png in Resources */,
				1CFD86F4172CF70C00B6406D /* slideshow_05.png in Resources */,
				1CFD86F6172CF75100B6406D /* slideshow_01.png in Resources */,
				1CB3590A172D2E4D00394B6E /* navbar.png in Resources */,
				1CB3590B172D2E4D00394B6E /* navbar@2x.png in Resources */,
				1CB35912172D42D100394B6E /* Account card.png in Resources */,
				1CB35948172D479F00394B6E /* solutions_01.png in Resources */,
				1CB35957172D47AB00394B6E /* solutions_02.png in Resources */,
				1CB35958172D47AB00394B6E /* solutions_03.png in Resources */,
				1CB35959172D47AB00394B6E /* solutions_04.png in Resources */,
				1CB3595A172D47AB00394B6E /* solutions_05.png in Resources */,
				1CB3595B172D47AB00394B6E /* solutions_06.png in Resources */,
				1CB3595C172D47AB00394B6E /* solutions_07.png in Resources */,
				1CB3595D172D47AB00394B6E /* solutions_08.png in Resources */,
				1CB3595E172D47AB00394B6E /* solutions_09.png in Resources */,
				1CB3595F172D47AB00394B6E /* solutions_10.png in Resources */,
				1CB35960172D47AB00394B6E /* solutions_11.png in Resources */,
				1CB35961172D47AB00394B6E /* solutions_12.png in Resources */,
				1CB35962172D47AB00394B6E /* solutions_13.png in Resources */,
				1CB35963172D47AB00394B6E /* solutions_14.png in Resources */,
				1CB35964172D47AB00394B6E /* solutions_15.png in Resources */,
				1CB3596C172D4E1500394B6E /* info.png in Resources */,
				1CB3596D172D4E1500394B6E /* info@2x.png in Resources */,
				1CB3596E172D4E1500394B6E /* map.png in Resources */,
				1CB3596F172D4E1500394B6E /* map@2x.png in Resources */,
				1CB35970172D4E1500394B6E /* solutions.png in Resources */,
				1CB35971172D4E1500394B6E /* solutions@2x.png in Resources */,
			);
			runOnlyForDeploymentPostprocessing = 0;
		};
/* End PBXResourcesBuildPhase section */

/* Begin PBXSourcesBuildPhase section */
		1C94F7EE172C241A00F72176 /* Sources */ = {
			isa = PBXSourcesBuildPhase;
			buildActionMask = 2147483647;
			files = (
				1C94F802172C241A00F72176 /* main.m in Sources */,
				1C94F806172C241A00F72176 /* expocommAppDelegate.m in Sources */,
				1C94F812172C241A00F72176 /* DescriptionViewController.m in Sources */,
				1C94F819172C241A00F72176 /* SolutionsViewController.m in Sources */,
				1C94F825172C296500F72176 /* SchemaViewController.m in Sources */,
				1CFD86F9172D105E00B6406D /* Description.m in Sources */,
				1C0863E3172D244A0082194E /* KASlideShow.m in Sources */,
			);
			runOnlyForDeploymentPostprocessing = 0;
		};
/* End PBXSourcesBuildPhase section */

/* Begin PBXVariantGroup section */
		1C94F7FE172C241A00F72176 /* InfoPlist.strings */ = {
			isa = PBXVariantGroup;
			children = (
				1C94F7FF172C241A00F72176 /* en */,
			);
			name = InfoPlist.strings;
			sourceTree = "<group>";
		};
		1C94F80D172C241A00F72176 /* MainStoryboard.storyboard */ = {
			isa = PBXVariantGroup;
			children = (
				1C94F80E172C241A00F72176 /* en */,
			);
			name = MainStoryboard.storyboard;
			sourceTree = "<group>";
		};
/* End PBXVariantGroup section */

/* Begin XCBuildConfiguration section */
		1C94F81E172C241A00F72176 /* Debug */ = {
			isa = XCBuildConfiguration;
			buildSettings = {
				ALWAYS_SEARCH_USER_PATHS = NO;
				CLANG_CXX_LANGUAGE_STANDARD = "gnu++0x";
				CLANG_CXX_LIBRARY = "libc++";
				CLANG_ENABLE_OBJC_ARC = YES;
				CLANG_WARN_CONSTANT_CONVERSION = YES;
				CLANG_WARN_EMPTY_BODY = YES;
				CLANG_WARN_ENUM_CONVERSION = YES;
				CLANG_WARN_INT_CONVERSION = YES;
				CLANG_WARN__DUPLICATE_METHOD_MATCH = YES;
				"CODE_SIGN_IDENTITY[sdk=iphoneos*]" = "iPhone Developer";
				COPY_PHASE_STRIP = NO;
				GCC_C_LANGUAGE_STANDARD = gnu99;
				GCC_DYNAMIC_NO_PIC = NO;
				GCC_OPTIMIZATION_LEVEL = 0;
				GCC_PREPROCESSOR_DEFINITIONS = (
					"DEBUG=1",
					"$(inherited)",
				);
				GCC_SYMBOLS_PRIVATE_EXTERN = NO;
				GCC_WARN_ABOUT_RETURN_TYPE = YES;
				GCC_WARN_UNINITIALIZED_AUTOS = YES;
				GCC_WARN_UNUSED_VARIABLE = YES;
				IPHONEOS_DEPLOYMENT_TARGET = 5.0;
				ONLY_ACTIVE_ARCH = YES;
				SDKROOT = iphoneos;
			};
			name = Debug;
		};
		1C94F81F172C241A00F72176 /* Release */ = {
			isa = XCBuildConfiguration;
			buildSettings = {
				ALWAYS_SEARCH_USER_PATHS = NO;
				CLANG_CXX_LANGUAGE_STANDARD = "gnu++0x";
				CLANG_CXX_LIBRARY = "libc++";
				CLANG_ENABLE_OBJC_ARC = YES;
				CLANG_WARN_CONSTANT_CONVERSION = YES;
				CLANG_WARN_EMPTY_BODY = YES;
				CLANG_WARN_ENUM_CONVERSION = YES;
				CLANG_WARN_INT_CONVERSION = YES;
				CLANG_WARN__DUPLICATE_METHOD_MATCH = YES;
				"CODE_SIGN_IDENTITY[sdk=iphoneos*]" = "iPhone Developer";
				COPY_PHASE_STRIP = YES;
				GCC_C_LANGUAGE_STANDARD = gnu99;
				GCC_WARN_ABOUT_RETURN_TYPE = YES;
				GCC_WARN_UNINITIALIZED_AUTOS = YES;
				GCC_WARN_UNUSED_VARIABLE = YES;
				IPHONEOS_DEPLOYMENT_TARGET = 5.0;
				OTHER_CFLAGS = "-DNS_BLOCK_ASSERTIONS=1";
				SDKROOT = iphoneos;
				VALIDATE_PRODUCT = YES;
			};
			name = Release;
		};
		1C94F821172C241A00F72176 /* Debug */ = {
			isa = XCBuildConfiguration;
			buildSettings = {
				GCC_PRECOMPILE_PREFIX_HEADER = YES;
				GCC_PREFIX_HEADER = "expocommx/expocommx-Prefix.pch";
				INFOPLIST_FILE = "expocommx/expocommx-Info.plist";
				IPHONEOS_DEPLOYMENT_TARGET = 5.0;
				PRODUCT_NAME = "$(TARGET_NAME)";
				WRAPPER_EXTENSION = app;
			};
			name = Debug;
		};
		1C94F822172C241A00F72176 /* Release */ = {
			isa = XCBuildConfiguration;
			buildSettings = {
				GCC_PRECOMPILE_PREFIX_HEADER = YES;
				GCC_PREFIX_HEADER = "expocommx/expocommx-Prefix.pch";
				INFOPLIST_FILE = "expocommx/expocommx-Info.plist";
				IPHONEOS_DEPLOYMENT_TARGET = 5.0;
				PRODUCT_NAME = "$(TARGET_NAME)";
				WRAPPER_EXTENSION = app;
			};
			name = Release;
		};
/* End XCBuildConfiguration section */

/* Begin XCConfigurationList section */
		1C94F7ED172C241A00F72176 /* Build configuration list for PBXProject "expocommx" */ = {
			isa = XCConfigurationList;
			buildConfigurations = (
				1C94F81E172C241A00F72176 /* Debug */,
				1C94F81F172C241A00F72176 /* Release */,
			);
			defaultConfigurationIsVisible = 0;
			defaultConfigurationName = Release;
		};
		1C94F820172C241A00F72176 /* Build configuration list for PBXNativeTarget "expocommx" */ = {
			isa = XCConfigurationList;
			buildConfigurations = (
				1C94F821172C241A00F72176 /* Debug */,
				1C94F822172C241A00F72176 /* Release */,
			);
			defaultConfigurationIsVisible = 0;
			defaultConfigurationName = Release;
		};
/* End XCConfigurationList section */
	};
	rootObject = 1C94F7EA172C241A00F72176 /* Project object */;
}
